
Microsoft Visual Studio Solution File, Format Version 12.00
# Visual Studio Version 17
VisualStudioVersion = 17.0.32112.339
MinimumVisualStudioVersion = 10.0.40219.1
Project("{8BC9CEB8-8B4A-11D0-8D11-00A0C91BC942}") = "QtWidgetsApplication1", "QtWidgetsApplication1\QtWidgetsApplication1.vcxproj", "{FC3560A4-C05E-4B91-901A-5E5B55C8AD6A}"
EndProject
Global
	GlobalSection(SolutionConfigurationPlatforms) = preSolution
		Debug|x64 = Debug|x64
		Release|x64 = Release|x64
	EndGlobalSection
	GlobalSection(ProjectConfigurationPlatforms) = postSolution
		{FC3560A4-C05E-4B91-901A-5E5B55C8AD6A}.Debug|x64.ActiveCfg = Debug|x64
		{FC3560A4-C05E-4B91-901A-5E5B55C8AD6A}.Debug|x64.Build.0 = Debug|x64
		{FC3560A4-C05E-4B91-901A-5E5B55C8AD6A}.Release|x64.ActiveCfg = Release|x64
		{FC3560A4-C05E-4B91-901A-5E5B55C8AD6A}.Release|x64.Build.0 = Release|x64
	EndGlobalSection
	GlobalSection(SolutionProperties) = preSolution
		HideSolutionNode = FALSE
	EndGlobalSection
	GlobalSection(ExtensibilityGlobals) = postSolution
		SolutionGuid = {7B395971-51C9-48B4-BFA4-58E55DE2DDA6}
	EndGlobalSection
EndGlobal
